
Microsoft Visual Studio Solution File, Format Version 12.00
# Visual Studio Version 17
VisualStudioVersion = 17.5.33414.496
MinimumVisualStudioVersion = 10.0.40219.1
Project("{FAE04EC0-301F-11D3-BF4B-00C04F79EFBC}") = "first_step", "first_step\first_step.csproj", "{21FFDFE2-FEBA-4630-AE31-347BEED9E7D2}"
EndProject
Global
	GlobalSection(SolutionConfigurationPlatforms) = preSolution
		Debug|Any CPU = Debug|Any CPU
		Release|Any CPU = Release|Any CPU
	EndGlobalSection
	GlobalSection(ProjectConfigurationPlatforms) = postSolution
		{21FFDFE2-FEBA-4630-AE31-347BEED9E7D2}.Debug|Any CPU.ActiveCfg = Debug|Any CPU
		{21FFDFE2-FEBA-4630-AE31-347BEED9E7D2}.Debug|Any CPU.Build.0 = Debug|Any CPU
		{21FFDFE2-FEBA-4630-AE31-347BEED9E7D2}.Release|Any CPU.ActiveCfg = Release|Any CPU
		{21FFDFE2-FEBA-4630-AE31-347BEED9E7D2}.Release|Any CPU.Build.0 = Release|Any CPU
	EndGlobalSection
	GlobalSection(SolutionProperties) = preSolution
		HideSolutionNode = FALSE
	EndGlobalSection
	GlobalSection(ExtensibilityGlobals) = postSolution
		SolutionGuid = {14AE9642-4C16-494D-8356-A35C157AAA5E}
	EndGlobalSection
EndGlobal
